
Microsoft Visual Studio Solution File, Format Version 12.00
# Visual Studio Version 17
VisualStudioVersion = 17.1.32228.430
MinimumVisualStudioVersion = 10.0.40219.1
Project("{FAE04EC0-301F-11D3-BF4B-00C04F79EFBC}") = "Metodos_Numericos", "Metodos_Numericos\Metodos_Numericos.csproj", "{7BB06842-C918-4DCE-809E-F3F29BD5C033}"
EndProject
Global
	GlobalSection(SolutionConfigurationPlatforms) = preSolution
		Debug|Any CPU = Debug|Any CPU
		Release|Any CPU = Release|Any CPU
	EndGlobalSection
	GlobalSection(ProjectConfigurationPlatforms) = postSolution
		{7BB06842-C918-4DCE-809E-F3F29BD5C033}.Debug|Any CPU.ActiveCfg = Debug|Any CPU
		{7BB06842-C918-4DCE-809E-F3F29BD5C033}.Debug|Any CPU.Build.0 = Debug|Any CPU
		{7BB06842-C918-4DCE-809E-F3F29BD5C033}.Release|Any CPU.ActiveCfg = Release|Any CPU
		{7BB06842-C918-4DCE-809E-F3F29BD5C033}.Release|Any CPU.Build.0 = Release|Any CPU
	EndGlobalSection
	GlobalSection(SolutionProperties) = preSolution
		HideSolutionNode = FALSE
	EndGlobalSection
	GlobalSection(ExtensibilityGlobals) = postSolution
		SolutionGuid = {2F3BA341-BE96-4685-8974-382F26E7B1F0}
	EndGlobalSection
EndGlobal
